
Microsoft Visual Studio Solution File, Format Version 12.00
# Visual Studio Version 17
VisualStudioVersion = 17.0.32112.339
MinimumVisualStudioVersion = 10.0.40219.1
Project("{9A19103F-16F7-4668-BE54-9A1E7A4F7556}") = "OnlineShopCMS", "OnlineShopCMS.csproj", "{DA793B30-761D-467F-BC10-734BF1042AB0}"
EndProject
Global
	GlobalSection(SolutionConfigurationPlatforms) = preSolution
		Debug|Any CPU = Debug|Any CPU
		Release|Any CPU = Release|Any CPU
	EndGlobalSection
	GlobalSection(ProjectConfigurationPlatforms) = postSolution
		{DA793B30-761D-467F-BC10-734BF1042AB0}.Debug|Any CPU.ActiveCfg = Debug|Any CPU
		{DA793B30-761D-467F-BC10-734BF1042AB0}.Debug|Any CPU.Build.0 = Debug|Any CPU
		{DA793B30-761D-467F-BC10-734BF1042AB0}.Release|Any CPU.ActiveCfg = Release|Any CPU
		{DA793B30-761D-467F-BC10-734BF1042AB0}.Release|Any CPU.Build.0 = Release|Any CPU
	EndGlobalSection
	GlobalSection(SolutionProperties) = preSolution
		HideSolutionNode = FALSE
	EndGlobalSection
	GlobalSection(ExtensibilityGlobals) = postSolution
		SolutionGuid = {CAEC274F-DEAE-4A0F-947D-47C7251B877D}
	EndGlobalSection
EndGlobal
